
Microsoft Visual Studio Solution File, Format Version 12.00
# Visual Studio Version 17
VisualStudioVersion = 17.9.34723.18
MinimumVisualStudioVersion = 10.0.40219.1
Project("{FAE04EC0-301F-11D3-BF4B-00C04F79EFBC}") = "Двумерные массивы", "Двумерные массивы\Двумерные массивы.csproj", "{A26D62B1-FC8E-4C26-A47C-A8EE1424B180}"
EndProject
Global
	GlobalSection(SolutionConfigurationPlatforms) = preSolution
		Debug|Any CPU = Debug|Any CPU
		Release|Any CPU = Release|Any CPU
	EndGlobalSection
	GlobalSection(ProjectConfigurationPlatforms) = postSolution
		{A26D62B1-FC8E-4C26-A47C-A8EE1424B180}.Debug|Any CPU.ActiveCfg = Debug|Any CPU
		{A26D62B1-FC8E-4C26-A47C-A8EE1424B180}.Debug|Any CPU.Build.0 = Debug|Any CPU
		{A26D62B1-FC8E-4C26-A47C-A8EE1424B180}.Release|Any CPU.ActiveCfg = Release|Any CPU
		{A26D62B1-FC8E-4C26-A47C-A8EE1424B180}.Release|Any CPU.Build.0 = Release|Any CPU
	EndGlobalSection
	GlobalSection(SolutionProperties) = preSolution
		HideSolutionNode = FALSE
	EndGlobalSection
	GlobalSection(ExtensibilityGlobals) = postSolution
		SolutionGuid = {6374101D-E910-4444-A31A-91343AFA3DA2}
	EndGlobalSection
EndGlobal
