
Microsoft Visual Studio Solution File, Format Version 12.00
# Visual Studio Version 17
VisualStudioVersion = 17.9.34723.18
MinimumVisualStudioVersion = 10.0.40219.1
Project("{FAE04EC0-301F-11D3-BF4B-00C04F79EFBC}") = "IlyasWPF", "IlyasWPF.csproj", "{BAB60043-CDB6-47B2-AB3E-859D43C57059}"
EndProject
Global
	GlobalSection(SolutionConfigurationPlatforms) = preSolution
		Debug|Any CPU = Debug|Any CPU
		Release|Any CPU = Release|Any CPU
	EndGlobalSection
	GlobalSection(ProjectConfigurationPlatforms) = postSolution
		{BAB60043-CDB6-47B2-AB3E-859D43C57059}.Debug|Any CPU.ActiveCfg = Debug|Any CPU
		{BAB60043-CDB6-47B2-AB3E-859D43C57059}.Debug|Any CPU.Build.0 = Debug|Any CPU
		{BAB60043-CDB6-47B2-AB3E-859D43C57059}.Release|Any CPU.ActiveCfg = Release|Any CPU
		{BAB60043-CDB6-47B2-AB3E-859D43C57059}.Release|Any CPU.Build.0 = Release|Any CPU
	EndGlobalSection
	GlobalSection(SolutionProperties) = preSolution
		HideSolutionNode = FALSE
	EndGlobalSection
	GlobalSection(ExtensibilityGlobals) = postSolution
		SolutionGuid = {3AFE8F79-F680-464B-80DF-AF8D8E31ADAE}
	EndGlobalSection
EndGlobal
