
Microsoft Visual Studio Solution File, Format Version 12.00
# Visual Studio Version 17
VisualStudioVersion = 17.9.34723.18
MinimumVisualStudioVersion = 10.0.40219.1
Project("{FAE04EC0-301F-11D3-BF4B-00C04F79EFBC}") = "решение квадратного уравнения иляс", "решение квадратного уравнения иляс.csproj", "{45689609-A14A-4E25-A15F-0A9AE8602222}"
EndProject
Global
	GlobalSection(SolutionConfigurationPlatforms) = preSolution
		Debug|Any CPU = Debug|Any CPU
		Release|Any CPU = Release|Any CPU
	EndGlobalSection
	GlobalSection(ProjectConfigurationPlatforms) = postSolution
		{45689609-A14A-4E25-A15F-0A9AE8602222}.Debug|Any CPU.ActiveCfg = Debug|Any CPU
		{45689609-A14A-4E25-A15F-0A9AE8602222}.Debug|Any CPU.Build.0 = Debug|Any CPU
		{45689609-A14A-4E25-A15F-0A9AE8602222}.Release|Any CPU.ActiveCfg = Release|Any CPU
		{45689609-A14A-4E25-A15F-0A9AE8602222}.Release|Any CPU.Build.0 = Release|Any CPU
	EndGlobalSection
	GlobalSection(SolutionProperties) = preSolution
		HideSolutionNode = FALSE
	EndGlobalSection
	GlobalSection(ExtensibilityGlobals) = postSolution
		SolutionGuid = {FFB628E8-5B58-4393-9782-F8C0C1888BD4}
	EndGlobalSection
EndGlobal
